
Microsoft Visual Studio Solution File, Format Version 12.00
# Visual Studio Version 16
VisualStudioVersion = 16.0.29306.81
MinimumVisualStudioVersion = 10.0.40219.1
Project("{FAE04EC0-301F-11D3-BF4B-00C04F79EFBC}") = "HealthApp", "HealthApp\HealthApp.csproj", "{9F8AF110-160C-429C-B3F0-A6C81291BB29}"
EndProject
Global
	GlobalSection(SolutionConfigurationPlatforms) = preSolution
		Debug|Any CPU = Debug|Any CPU
		Release|Any CPU = Release|Any CPU
	EndGlobalSection
	GlobalSection(ProjectConfigurationPlatforms) = postSolution
		{9F8AF110-160C-429C-B3F0-A6C81291BB29}.Debug|Any CPU.ActiveCfg = Debug|Any CPU
		{9F8AF110-160C-429C-B3F0-A6C81291BB29}.Debug|Any CPU.Build.0 = Debug|Any CPU
		{9F8AF110-160C-429C-B3F0-A6C81291BB29}.Release|Any CPU.ActiveCfg = Release|Any CPU
		{9F8AF110-160C-429C-B3F0-A6C81291BB29}.Release|Any CPU.Build.0 = Release|Any CPU
	EndGlobalSection
	GlobalSection(SolutionProperties) = preSolution
		HideSolutionNode = FALSE
	EndGlobalSection
	GlobalSection(ExtensibilityGlobals) = postSolution
		SolutionGuid = {987AE6D8-99BF-4F1A-9657-B100BE0ECFAB}
	EndGlobalSection
EndGlobal
